// !$*UTF8*$!
{
	archiveVersion = 1;
	classes = {
	};
	objectVersion = 46;
	objects = {

/* Begin PBXBuildFile section */
		8575E4E91D1C18E500F27B16 /* Book.swift in Sources */ = {isa = PBXBuildFile; fileRef = 8575E4E81D1C18E500F27B16 /* Book.swift */; };
		8575E4EB1D1C1C7C00F27B16 /* libsqlite3.tbd in Frameworks */ = {isa = PBXBuildFile; fileRef = 8575E4EA1D1C1C7C00F27B16 /* libsqlite3.tbd */; };
		8575E4ED1D1C200C00F27B16 /* BooksTableViewCell.swift in Sources */ = {isa = PBXBuildFile; fileRef = 8575E4EC1D1C200C00F27B16 /* BooksTableViewCell.swift */; };
		8575E4EF1D1C677A00F27B16 /* BookViewController.swift in Sources */ = {isa = PBXBuildFile; fileRef = 8575E4EE1D1C677A00F27B16 /* BookViewController.swift */; };
		8581796E1D1B1D4E00F01397 /* AppDelegate.swift in Sources */ = {isa = PBXBuildFile; fileRef = 8581796D1D1B1D4E00F01397 /* AppDelegate.swift */; };
		858179701D1B1D4E00F01397 /* BookTableViewController.swift in Sources */ = {isa = PBXBuildFile; fileRef = 8581796F1D1B1D4E00F01397 /* BookTableViewController.swift */; };
		858179731D1B1D4E00F01397 /* Main.storyboard in Resources */ = {isa = PBXBuildFile; fileRef = 858179711D1B1D4E00F01397 /* Main.storyboard */; };
		858179751D1B1D4E00F01397 /* Assets.xcassets in Resources */ = {isa = PBXBuildFile; fileRef = 858179741D1B1D4E00F01397 /* Assets.xcassets */; };
		858179781D1B1D4E00F01397 /* LaunchScreen.storyboard in Resources */ = {isa = PBXBuildFile; fileRef = 858179761D1B1D4E00F01397 /* LaunchScreen.storyboard */; };
		8581798C1D1B1D9200F01397 /* FMDatabase.m in Sources */ = {isa = PBXBuildFile; fileRef = 858179831D1B1D9200F01397 /* FMDatabase.m */; };
		8581798D1D1B1D9200F01397 /* FMResultSet.m in Sources */ = {isa = PBXBuildFile; fileRef = 858179851D1B1D9200F01397 /* FMResultSet.m */; };
		8581798E1D1B1D9200F01397 /* FMDatabaseQueue.m in Sources */ = {isa = PBXBuildFile; fileRef = 858179871D1B1D9200F01397 /* FMDatabaseQueue.m */; };
		8581798F1D1B1D9200F01397 /* FMDatabaseAdditions.m in Sources */ = {isa = PBXBuildFile; fileRef = 858179891D1B1D9200F01397 /* FMDatabaseAdditions.m */; };
		858179901D1B1D9200F01397 /* FMDatabasePool.m in Sources */ = {isa = PBXBuildFile; fileRef = 8581798B1D1B1D9200F01397 /* FMDatabasePool.m */; };
/* End PBXBuildFile section */

/* Begin PBXFileReference section */
		8575E4E81D1C18E500F27B16 /* Book.swift */ = {isa = PBXFileReference; fileEncoding = 4; lastKnownFileType = sourcecode.swift; path = Book.swift; sourceTree = "<group>"; };
		8575E4EA1D1C1C7C00F27B16 /* libsqlite3.tbd */ = {isa = PBXFileReference; lastKnownFileType = "sourcecode.text-based-dylib-definition"; name = libsqlite3.tbd; path = usr/lib/libsqlite3.tbd; sourceTree = SDKROOT; };
		8575E4EC1D1C200C00F27B16 /* BooksTableViewCell.swift */ = {isa = PBXFileReference; fileEncoding = 4; lastKnownFileType = sourcecode.swift; name = BooksTableViewCell.swift; path = ../BooksTableViewCell.swift; sourceTree = "<group>"; };
		8575E4EE1D1C677A00F27B16 /* BookViewController.swift */ = {isa = PBXFileReference; fileEncoding = 4; lastKnownFileType = sourcecode.swift; path = BookViewController.swift; sourceTree = "<group>"; };
		8581796A1D1B1D4E00F01397 /* MyGoalBooks.app */ = {isa = PBXFileReference; explicitFileType = wrapper.application; includeInIndex = 0; path = MyGoalBooks.app; sourceTree = BUILT_PRODUCTS_DIR; };
		8581796D1D1B1D4E00F01397 /* AppDelegate.swift */ = {isa = PBXFileReference; lastKnownFileType = sourcecode.swift; path = AppDelegate.swift; sourceTree = "<group>"; };
		8581796F1D1B1D4E00F01397 /* BookTableViewController.swift */ = {isa = PBXFileReference; lastKnownFileType = sourcecode.swift; path = BookTableViewController.swift; sourceTree = "<group>"; };
		858179721D1B1D4E00F01397 /* Base */ = {isa = PBXFileReference; lastKnownFileType = file.storyboard; name = Base; path = Base.lproj/Main.storyboard; sourceTree = "<group>"; };
		858179741D1B1D4E00F01397 /* Assets.xcassets */ = {isa = PBXFileReference; lastKnownFileType = folder.assetcatalog; path = Assets.xcassets; sourceTree = "<group>"; };
		858179771D1B1D4E00F01397 /* Base */ = {isa = PBXFileReference; lastKnownFileType = file.storyboard; name = Base; path = Base.lproj/LaunchScreen.storyboard; sourceTree = "<group>"; };
		858179791D1B1D4E00F01397 /* Info.plist */ = {isa = PBXFileReference; lastKnownFileType = text.plist.xml; path = Info.plist; sourceTree = "<group>"; };
		858179801D1B1D9100F01397 /* MyGoalBooks-Bridging-Header.h */ = {isa = PBXFileReference; lastKnownFileType = sourcecode.c.h; path = "MyGoalBooks-Bridging-Header.h"; sourceTree = "<group>"; };
		858179811D1B1D9200F01397 /* FMDB.h */ = {isa = PBXFileReference; fileEncoding = 4; lastKnownFileType = sourcecode.c.h; path = FMDB.h; sourceTree = "<group>"; };
		858179821D1B1D9200F01397 /* FMDatabase.h */ = {isa = PBXFileReference; fileEncoding = 4; lastKnownFileType = sourcecode.c.h; path = FMDatabase.h; sourceTree = "<group>"; };
		858179831D1B1D9200F01397 /* FMDatabase.m */ = {isa = PBXFileReference; fileEncoding = 4; lastKnownFileType = sourcecode.c.objc; path = FMDatabase.m; sourceTree = "<group>"; };
		858179841D1B1D9200F01397 /* FMResultSet.h */ = {isa = PBXFileReference; fileEncoding = 4; lastKnownFileType = sourcecode.c.h; path = FMResultSet.h; sourceTree = "<group>"; };
		858179851D1B1D9200F01397 /* FMResultSet.m */ = {isa = PBXFileReference; fileEncoding = 4; lastKnownFileType = sourcecode.c.objc; path = FMResultSet.m; sourceTree = "<group>"; };
		858179861D1B1D9200F01397 /* FMDatabaseQueue.h */ = {isa = PBXFileReference; fileEncoding = 4; lastKnownFileType = sourcecode.c.h; path = FMDatabaseQueue.h; sourceTree = "<group>"; };
		858179871D1B1D9200F01397 /* FMDatabaseQueue.m */ = {isa = PBXFileReference; fileEncoding = 4; lastKnownFileType = sourcecode.c.objc; path = FMDatabaseQueue.m; sourceTree = "<group>"; };
		858179881D1B1D9200F01397 /* FMDatabaseAdditions.h */ = {isa = PBXFileReference; fileEncoding = 4; lastKnownFileType = sourcecode.c.h; path = FMDatabaseAdditions.h; sourceTree = "<group>"; };
		858179891D1B1D9200F01397 /* FMDatabaseAdditions.m */ = {isa = PBXFileReference; fileEncoding = 4; lastKnownFileType = sourcecode.c.objc; path = FMDatabaseAdditions.m; sourceTree = "<group>"; };
		8581798A1D1B1D9200F01397 /* FMDatabasePool.h */ = {isa = PBXFileReference; fileEncoding = 4; lastKnownFileType = sourcecode.c.h; path = FMDatabasePool.h; sourceTree = "<group>"; };
		8581798B1D1B1D9200F01397 /* FMDatabasePool.m */ = {isa = PBXFileReference; fileEncoding = 4; lastKnownFileType = sourcecode.c.objc; path = FMDatabasePool.m; sourceTree = "<group>"; };
/* End PBXFileReference section */

/* Begin PBXFrameworksBuildPhase section */
		858179671D1B1D4E00F01397 /* Frameworks */ = {
			isa = PBXFrameworksBuildPhase;
			buildActionMask = 2147483647;
			files = (
				8575E4EB1D1C1C7C00F27B16 /* libsqlite3.tbd in Frameworks */,
			);
			runOnlyForDeploymentPostprocessing = 0;
		};
/* End PBXFrameworksBuildPhase section */

/* Begin PBXGroup section */
		858179611D1B1D4E00F01397 = {
			isa = PBXGroup;
			children = (
				8575E4EA1D1C1C7C00F27B16 /* libsqlite3.tbd */,
				8581796C1D1B1D4E00F01397 /* MyGoalBooks */,
				8581796B1D1B1D4E00F01397 /* Products */,
			);
			sourceTree = "<group>";
		};
		8581796B1D1B1D4E00F01397 /* Products */ = {
			isa = PBXGroup;
			children = (
				8581796A1D1B1D4E00F01397 /* MyGoalBooks.app */,
			);
			name = Products;
			sourceTree = "<group>";
		};
		8581796C1D1B1D4E00F01397 /* MyGoalBooks */ = {
			isa = PBXGroup;
			children = (
				8581797F1D1B1D5700F01397 /* DataBase */,
				8581796D1D1B1D4E00F01397 /* AppDelegate.swift */,
				8581796F1D1B1D4E00F01397 /* BookTableViewController.swift */,
				858179711D1B1D4E00F01397 /* Main.storyboard */,
				858179741D1B1D4E00F01397 /* Assets.xcassets */,
				858179761D1B1D4E00F01397 /* LaunchScreen.storyboard */,
				858179791D1B1D4E00F01397 /* Info.plist */,
				8575E4E81D1C18E500F27B16 /* Book.swift */,
				8575E4EC1D1C200C00F27B16 /* BooksTableViewCell.swift */,
				8575E4EE1D1C677A00F27B16 /* BookViewController.swift */,
			);
			path = MyGoalBooks;
			sourceTree = "<group>";
		};
		8581797F1D1B1D5700F01397 /* DataBase */ = {
			isa = PBXGroup;
			children = (
				858179811D1B1D9200F01397 /* FMDB.h */,
				858179821D1B1D9200F01397 /* FMDatabase.h */,
				858179831D1B1D9200F01397 /* FMDatabase.m */,
				858179841D1B1D9200F01397 /* FMResultSet.h */,
				858179851D1B1D9200F01397 /* FMResultSet.m */,
				858179861D1B1D9200F01397 /* FMDatabaseQueue.h */,
				858179871D1B1D9200F01397 /* FMDatabaseQueue.m */,
				858179881D1B1D9200F01397 /* FMDatabaseAdditions.h */,
				858179891D1B1D9200F01397 /* FMDatabaseAdditions.m */,
				8581798A1D1B1D9200F01397 /* FMDatabasePool.h */,
				8581798B1D1B1D9200F01397 /* FMDatabasePool.m */,
				858179801D1B1D9100F01397 /* MyGoalBooks-Bridging-Header.h */,
			);
			name = DataBase;
			sourceTree = "<group>";
		};
/* End PBXGroup section */

/* Begin PBXNativeTarget section */
		858179691D1B1D4E00F01397 /* MyGoalBooks */ = {
			isa = PBXNativeTarget;
			buildConfigurationList = 8581797C1D1B1D4E00F01397 /* Build configuration list for PBXNativeTarget "MyGoalBooks" */;
			buildPhases = (
				858179661D1B1D4E00F01397 /* Sources */,
				858179671D1B1D4E00F01397 /* Frameworks */,
				858179681D1B1D4E00F01397 /* Resources */,
			);
			buildRules = (
			);
			dependencies = (
			);
			name = MyGoalBooks;
			productName = MyGoalBooks;
			productReference = 8581796A1D1B1D4E00F01397 /* MyGoalBooks.app */;
			productType = "com.apple.product-type.application";
		};
/* End PBXNativeTarget section */

/* Begin PBXProject section */
		858179621D1B1D4E00F01397 /* Project object */ = {
			isa = PBXProject;
			attributes = {
				LastSwiftUpdateCheck = 0730;
				LastUpgradeCheck = 0730;
				ORGANIZATIONNAME = "Italo Chesley";
				TargetAttributes = {
					858179691D1B1D4E00F01397 = {
						CreatedOnToolsVersion = 7.3.1;
						DevelopmentTeam = 3GCUMLS6Y8;
					};
				};
			};
			buildConfigurationList = 858179651D1B1D4E00F01397 /* Build configuration list for PBXProject "MyGoalBooks" */;
			compatibilityVersion = "Xcode 3.2";
			developmentRegion = English;
			hasScannedForEncodings = 0;
			knownRegions = (
				en,
				Base,
			);
			mainGroup = 858179611D1B1D4E00F01397;
			productRefGroup = 8581796B1D1B1D4E00F01397 /* Products */;
			projectDirPath = "";
			projectRoot = "";
			targets = (
				858179691D1B1D4E00F01397 /* MyGoalBooks */,
			);
		};
/* End PBXProject section */

/* Begin PBXResourcesBuildPhase section */
		858179681D1B1D4E00F01397 /* Resources */ = {
			isa = PBXResourcesBuildPhase;
			buildActionMask = 2147483647;
			files = (
				858179781D1B1D4E00F01397 /* LaunchScreen.storyboard in Resources */,
				858179751D1B1D4E00F01397 /* Assets.xcassets in Resources */,
				858179731D1B1D4E00F01397 /* Main.storyboard in Resources */,
			);
			runOnlyForDeploymentPostprocessing = 0;
		};
/* End PBXResourcesBuildPhase section */

/* Begin PBXSourcesBuildPhase section */
		858179661D1B1D4E00F01397 /* Sources */ = {
			isa = PBXSourcesBuildPhase;
			buildActionMask = 2147483647;
			files = (
				8575E4E91D1C18E500F27B16 /* Book.swift in Sources */,
				8575E4EF1D1C677A00F27B16 /* BookViewController.swift in Sources */,
				8581798E1D1B1D9200F01397 /* FMDatabaseQueue.m in Sources */,
				8581798C1D1B1D9200F01397 /* FMDatabase.m in Sources */,
				8575E4ED1D1C200C00F27B16 /* BooksTableViewCell.swift in Sources */,
				858179701D1B1D4E00F01397 /* BookTableViewController.swift in Sources */,
				8581798D1D1B1D9200F01397 /* FMResultSet.m in Sources */,
				858179901D1B1D9200F01397 /* FMDatabasePool.m in Sources */,
				8581796E1D1B1D4E00F01397 /* AppDelegate.swift in Sources */,
				8581798F1D1B1D9200F01397 /* FMDatabaseAdditions.m in Sources */,
			);
			runOnlyForDeploymentPostprocessing = 0;
		};
/* End PBXSourcesBuildPhase section */

/* Begin PBXVariantGroup section */
		858179711D1B1D4E00F01397 /* Main.storyboard */ = {
			isa = PBXVariantGroup;
			children = (
				858179721D1B1D4E00F01397 /* Base */,
			);
			name = Main.storyboard;
			sourceTree = "<group>";
		};
		858179761D1B1D4E00F01397 /* LaunchScreen.storyboard */ = {
			isa = PBXVariantGroup;
			children = (
				858179771D1B1D4E00F01397 /* Base */,
			);
			name = LaunchScreen.storyboard;
			sourceTree = "<group>";
		};
/* End PBXVariantGroup section */

/* Begin XCBuildConfiguration section */
		8581797A1D1B1D4E00F01397 /* Debug */ = {
			isa = XCBuildConfiguration;
			buildSettings = {
				ALWAYS_SEARCH_USER_PATHS = NO;
				CLANG_ANALYZER_NONNULL = YES;
				CLANG_CXX_LANGUAGE_STANDARD = "gnu++0x";
				CLANG_CXX_LIBRARY = "libc++";
				CLANG_ENABLE_MODULES = YES;
				CLANG_ENABLE_OBJC_ARC = YES;
				CLANG_WARN_BOOL_CONVERSION = YES;
				CLANG_WARN_CONSTANT_CONVERSION = YES;
				CLANG_WARN_DIRECT_OBJC_ISA_USAGE = YES_ERROR;
				CLANG_WARN_EMPTY_BODY = YES;
				CLANG_WARN_ENUM_CONVERSION = YES;
				CLANG_WARN_INT_CONVERSION = YES;
				CLANG_WARN_OBJC_ROOT_CLASS = YES_ERROR;
				CLANG_WARN_UNREACHABLE_CODE = YES;
				CLANG_WARN__DUPLICATE_METHOD_MATCH = YES;
				"CODE_SIGN_IDENTITY[sdk=iphoneos*]" = "iPhone Developer";
				COPY_PHASE_STRIP = NO;
				DEBUG_INFORMATION_FORMAT = dwarf;
				ENABLE_STRICT_OBJC_MSGSEND = YES;
				ENABLE_TESTABILITY = YES;
				GCC_C_LANGUAGE_STANDARD = gnu99;
				GCC_DYNAMIC_NO_PIC = NO;
				GCC_NO_COMMON_BLOCKS = YES;
				GCC_OPTIMIZATION_LEVEL = 0;
				GCC_PREPROCESSOR_DEFINITIONS = (
					"DEBUG=1",
					"$(inherited)",
				);
				GCC_WARN_64_TO_32_BIT_CONVERSION = YES;
				GCC_WARN_ABOUT_RETURN_TYPE = YES_ERROR;
				GCC_WARN_UNDECLARED_SELECTOR = YES;
				GCC_WARN_UNINITIALIZED_AUTOS = YES_AGGRESSIVE;
				GCC_WARN_UNUSED_FUNCTION = YES;
				GCC_WARN_UNUSED_VARIABLE = YES;
				IPHONEOS_DEPLOYMENT_TARGET = 9.3;
				MTL_ENABLE_DEBUG_INFO = YES;
				ONLY_ACTIVE_ARCH = YES;
				SDKROOT = iphoneos;
				SWIFT_OPTIMIZATION_LEVEL = "-Onone";
			};
			name = Debug;
		};
		8581797B1D1B1D4E00F01397 /* Release */ = {
			isa = XCBuildConfiguration;
			buildSettings = {
				ALWAYS_SEARCH_USER_PATHS = NO;
				CLANG_ANALYZER_NONNULL = YES;
				CLANG_CXX_LANGUAGE_STANDARD = "gnu++0x";
				CLANG_CXX_LIBRARY = "libc++";
				CLANG_ENABLE_MODULES = YES;
				CLANG_ENABLE_OBJC_ARC = YES;
				CLANG_WARN_BOOL_CONVERSION = YES;
				CLANG_WARN_CONSTANT_CONVERSION = YES;
				CLANG_WARN_DIRECT_OBJC_ISA_USAGE = YES_ERROR;
				CLANG_WARN_EMPTY_BODY = YES;
				CLANG_WARN_ENUM_CONVERSION = YES;
				CLANG_WARN_INT_CONVERSION = YES;
				CLANG_WARN_OBJC_ROOT_CLASS = YES_ERROR;
				CLANG_WARN_UNREACHABLE_CODE = YES;
				CLANG_WARN__DUPLICATE_METHOD_MATCH = YES;
				"CODE_SIGN_IDENTITY[sdk=iphoneos*]" = "iPhone Developer";
				COPY_PHASE_STRIP = NO;
				DEBUG_INFORMATION_FORMAT = "dwarf-with-dsym";
				ENABLE_NS_ASSERTIONS = NO;
				ENABLE_STRICT_OBJC_MSGSEND = YES;
				GCC_C_LANGUAGE_STANDARD = gnu99;
				GCC_NO_COMMON_BLOCKS = YES;
				GCC_WARN_64_TO_32_BIT_CONVERSION = YES;
				GCC_WARN_ABOUT_RETURN_TYPE = YES_ERROR;
				GCC_WARN_UNDECLARED_SELECTOR = YES;
				GCC_WARN_UNINITIALIZED_AUTOS = YES_AGGRESSIVE;
				GCC_WARN_UNUSED_FUNCTION = YES;
				GCC_WARN_UNUSED_VARIABLE = YES;
				IPHONEOS_DEPLOYMENT_TARGET = 9.3;
				MTL_ENABLE_DEBUG_INFO = NO;
				SDKROOT = iphoneos;
				VALIDATE_PRODUCT = YES;
			};
			name = Release;
		};
		8581797D1D1B1D4E00F01397 /* Debug */ = {
			isa = XCBuildConfiguration;
			buildSettings = {
				ASSETCATALOG_COMPILER_APPICON_NAME = AppIcon;
				CLANG_ENABLE_MODULES = YES;
				CODE_SIGN_IDENTITY = "iPhone Developer";
				"CODE_SIGN_IDENTITY[sdk=iphoneos*]" = "iPhone Developer";
				INFOPLIST_FILE = MyGoalBooks/Info.plist;
				LD_RUNPATH_SEARCH_PATHS = "$(inherited) @executable_path/Frameworks";
				PRODUCT_BUNDLE_IDENTIFIER = fs.MyGoalBooks;
				PRODUCT_NAME = "$(TARGET_NAME)";
				PROVISIONING_PROFILE = "";
				SWIFT_OBJC_BRIDGING_HEADER = "MyGoalBooks/MyGoalBooks-Bridging-Header.h";
				SWIFT_OPTIMIZATION_LEVEL = "-Onone";
			};
			name = Debug;
		};
		8581797E1D1B1D4E00F01397 /* Release */ = {
			isa = XCBuildConfiguration;
			buildSettings = {
				ASSETCATALOG_COMPILER_APPICON_NAME = AppIcon;
				CLANG_ENABLE_MODULES = YES;
				CODE_SIGN_IDENTITY = "iPhone Developer";
				"CODE_SIGN_IDENTITY[sdk=iphoneos*]" = "iPhone Developer";
				INFOPLIST_FILE = MyGoalBooks/Info.plist;
				LD_RUNPATH_SEARCH_PATHS = "$(inherited) @executable_path/Frameworks";
				PRODUCT_BUNDLE_IDENTIFIER = fs.MyGoalBooks;
				PRODUCT_NAME = "$(TARGET_NAME)";
				PROVISIONING_PROFILE = "";
				SWIFT_OBJC_BRIDGING_HEADER = "MyGoalBooks/MyGoalBooks-Bridging-Header.h";
			};
			name = Release;
		};
/* End XCBuildConfiguration section */

/* Begin XCConfigurationList section */
		858179651D1B1D4E00F01397 /* Build configuration list for PBXProject "MyGoalBooks" */ = {
			isa = XCConfigurationList;
			buildConfigurations = (
				8581797A1D1B1D4E00F01397 /* Debug */,
				8581797B1D1B1D4E00F01397 /* Release */,
			);
			defaultConfigurationIsVisible = 0;
			defaultConfigurationName = Release;
		};
		8581797C1D1B1D4E00F01397 /* Build configuration list for PBXNativeTarget "MyGoalBooks" */ = {
			isa = XCConfigurationList;
			buildConfigurations = (
				8581797D1D1B1D4E00F01397 /* Debug */,
				8581797E1D1B1D4E00F01397 /* Release */,
			);
			defaultConfigurationIsVisible = 0;
			defaultConfigurationName = Release;
		};
/* End XCConfigurationList section */
	};
	rootObject = 858179621D1B1D4E00F01397 /* Project object */;
}
